
Microsoft Visual Studio Solution File, Format Version 12.00
# Visual Studio Version 17
VisualStudioVersion = 17.2.32630.192
MinimumVisualStudioVersion = 10.0.40219.1
Project("{FAE04EC0-301F-11D3-BF4B-00C04F79EFBC}") = "BlogTrackApplication", "BlogTrackApplication\BlogTrackApplication.csproj", "{993048BE-D87D-44A5-B57E-A9A7D9D93E74}"
EndProject
Project("{FAE04EC0-301F-11D3-BF4B-00C04F79EFBC}") = "BlogTrackApplication.Tests", "BlogTrackApplication.Tests\BlogTrackApplication.Tests.csproj", "{D5117561-D377-4B9F-A139-6407C30B996A}"
EndProject
Global
	GlobalSection(SolutionConfigurationPlatforms) = preSolution
		Debug|Any CPU = Debug|Any CPU
		Release|Any CPU = Release|Any CPU
	EndGlobalSection
	GlobalSection(ProjectConfigurationPlatforms) = postSolution
		{993048BE-D87D-44A5-B57E-A9A7D9D93E74}.Debug|Any CPU.ActiveCfg = Debug|Any CPU
		{993048BE-D87D-44A5-B57E-A9A7D9D93E74}.Debug|Any CPU.Build.0 = Debug|Any CPU
		{993048BE-D87D-44A5-B57E-A9A7D9D93E74}.Release|Any CPU.ActiveCfg = Release|Any CPU
		{993048BE-D87D-44A5-B57E-A9A7D9D93E74}.Release|Any CPU.Build.0 = Release|Any CPU
		{D5117561-D377-4B9F-A139-6407C30B996A}.Debug|Any CPU.ActiveCfg = Debug|Any CPU
		{D5117561-D377-4B9F-A139-6407C30B996A}.Debug|Any CPU.Build.0 = Debug|Any CPU
		{D5117561-D377-4B9F-A139-6407C30B996A}.Release|Any CPU.ActiveCfg = Release|Any CPU
		{D5117561-D377-4B9F-A139-6407C30B996A}.Release|Any CPU.Build.0 = Release|Any CPU
	EndGlobalSection
	GlobalSection(SolutionProperties) = preSolution
		HideSolutionNode = FALSE
	EndGlobalSection
	GlobalSection(ExtensibilityGlobals) = postSolution
		SolutionGuid = {C45035DD-DA6E-4221-8F9C-13EF02D53DB2}
	EndGlobalSection
EndGlobal
